
Microsoft Visual Studio Solution File, Format Version 12.00
# Visual Studio Version 17
VisualStudioVersion = 17.10.35013.160
MinimumVisualStudioVersion = 10.0.40219.1
Project("{FAE04EC0-301F-11D3-BF4B-00C04F79EFBC}") = "agro-backend", "agro-backend\agro-backend.csproj", "{0703B914-B7F3-4773-A28C-F3099CF0C6D7}"
EndProject
Global
	GlobalSection(SolutionConfigurationPlatforms) = preSolution
		Debug|Any CPU = Debug|Any CPU
		Release|Any CPU = Release|Any CPU
	EndGlobalSection
	GlobalSection(ProjectConfigurationPlatforms) = postSolution
		{0703B914-B7F3-4773-A28C-F3099CF0C6D7}.Debug|Any CPU.ActiveCfg = Debug|Any CPU
		{0703B914-B7F3-4773-A28C-F3099CF0C6D7}.Debug|Any CPU.Build.0 = Debug|Any CPU
		{0703B914-B7F3-4773-A28C-F3099CF0C6D7}.Release|Any CPU.ActiveCfg = Release|Any CPU
		{0703B914-B7F3-4773-A28C-F3099CF0C6D7}.Release|Any CPU.Build.0 = Release|Any CPU
	EndGlobalSection
	GlobalSection(SolutionProperties) = preSolution
		HideSolutionNode = FALSE
	EndGlobalSection
	GlobalSection(ExtensibilityGlobals) = postSolution
		SolutionGuid = {655CDA66-A288-43FE-A3CB-1C03ACF5B081}
	EndGlobalSection
EndGlobal
